
Microsoft Visual Studio Solution File, Format Version 12.00
# Visual Studio Version 17
VisualStudioVersion = 17.1.32421.90
MinimumVisualStudioVersion = 10.0.40219.1
Project("{9A19103F-16F7-4668-BE54-9A1E7A4F7556}") = "Lexer", "Lexer\Lexer.csproj", "{C6DAF230-2FE4-46E2-85C5-33786A6C4805}"
EndProject
Project("{9A19103F-16F7-4668-BE54-9A1E7A4F7556}") = "Lexer.Test", "Lexer.Test\Lexer.Test.csproj", "{62AD0313-A763-4770-8F27-22E013A70401}"
EndProject
Global
	GlobalSection(SolutionConfigurationPlatforms) = preSolution
		Debug|Any CPU = Debug|Any CPU
		Release|Any CPU = Release|Any CPU
	EndGlobalSection
	GlobalSection(ProjectConfigurationPlatforms) = postSolution
		{C6DAF230-2FE4-46E2-85C5-33786A6C4805}.Debug|Any CPU.ActiveCfg = Debug|Any CPU
		{C6DAF230-2FE4-46E2-85C5-33786A6C4805}.Debug|Any CPU.Build.0 = Debug|Any CPU
		{C6DAF230-2FE4-46E2-85C5-33786A6C4805}.Release|Any CPU.ActiveCfg = Release|Any CPU
		{C6DAF230-2FE4-46E2-85C5-33786A6C4805}.Release|Any CPU.Build.0 = Release|Any CPU
		{62AD0313-A763-4770-8F27-22E013A70401}.Debug|Any CPU.ActiveCfg = Debug|Any CPU
		{62AD0313-A763-4770-8F27-22E013A70401}.Debug|Any CPU.Build.0 = Debug|Any CPU
		{62AD0313-A763-4770-8F27-22E013A70401}.Release|Any CPU.ActiveCfg = Release|Any CPU
		{62AD0313-A763-4770-8F27-22E013A70401}.Release|Any CPU.Build.0 = Release|Any CPU
	EndGlobalSection
	GlobalSection(SolutionProperties) = preSolution
		HideSolutionNode = FALSE
	EndGlobalSection
	GlobalSection(ExtensibilityGlobals) = postSolution
		SolutionGuid = {30F7D9A1-B32F-40E4-A1CA-31A2176EF2AF}
	EndGlobalSection
EndGlobal
